// !$*UTF8*$!
{
	archiveVersion = 1;
	classes = {
	};
	objectVersion = 50;
	objects = {

/* Begin PBXBuildFile section */
		A74610B9253282B00014E950 /* AppDelegate.m in Sources */ = {isa = PBXBuildFile; fileRef = A74610B8253282B00014E950 /* AppDelegate.m */; };
		A74610BC253282B00014E950 /* SceneDelegate.m in Sources */ = {isa = PBXBuildFile; fileRef = A74610BB253282B00014E950 /* SceneDelegate.m */; };
		A74610BF253282B00014E950 /* ViewController.m in Sources */ = {isa = PBXBuildFile; fileRef = A74610BE253282B00014E950 /* ViewController.m */; };
		A74610C2253282B00014E950 /* Main.storyboard in Resources */ = {isa = PBXBuildFile; fileRef = A74610C0253282B00014E950 /* Main.storyboard */; };
		A74610C4253282B10014E950 /* Assets.xcassets in Resources */ = {isa = PBXBuildFile; fileRef = A74610C3253282B10014E950 /* Assets.xcassets */; };
		A74610C7253282B10014E950 /* LaunchScreen.storyboard in Resources */ = {isa = PBXBuildFile; fileRef = A74610C5253282B10014E950 /* LaunchScreen.storyboard */; };
		A74610CA253282B10014E950 /* main.m in Sources */ = {isa = PBXBuildFile; fileRef = A74610C9253282B10014E950 /* main.m */; };
		A74610D2253282D10014E950 /* iCarousel.m in Sources */ = {isa = PBXBuildFile; fileRef = A74610D1253282D10014E950 /* iCarousel.m */; };
/* End PBXBuildFile section */

/* Begin PBXFileReference section */
		A74610B4253282B00014E950 /* myICarousel.app */ = {isa = PBXFileReference; explicitFileType = wrapper.application; includeInIndex = 0; path = myICarousel.app; sourceTree = BUILT_PRODUCTS_DIR; };
		A74610B7253282B00014E950 /* AppDelegate.h */ = {isa = PBXFileReference; lastKnownFileType = sourcecode.c.h; path = AppDelegate.h; sourceTree = "<group>"; };
		A74610B8253282B00014E950 /* AppDelegate.m */ = {isa = PBXFileReference; lastKnownFileType = sourcecode.c.objc; path = AppDelegate.m; sourceTree = "<group>"; };
		A74610BA253282B00014E950 /* SceneDelegate.h */ = {isa = PBXFileReference; lastKnownFileType = sourcecode.c.h; path = SceneDelegate.h; sourceTree = "<group>"; };
		A74610BB253282B00014E950 /* SceneDelegate.m */ = {isa = PBXFileReference; lastKnownFileType = sourcecode.c.objc; path = SceneDelegate.m; sourceTree = "<group>"; };
		A74610BD253282B00014E950 /* ViewController.h */ = {isa = PBXFileReference; lastKnownFileType = sourcecode.c.h; path = ViewController.h; sourceTree = "<group>"; };
		A74610BE253282B00014E950 /* ViewController.m */ = {isa = PBXFileReference; lastKnownFileType = sourcecode.c.objc; path = ViewController.m; sourceTree = "<group>"; };
		A74610C1253282B00014E950 /* Base */ = {isa = PBXFileReference; lastKnownFileType = file.storyboard; name = Base; path = Base.lproj/Main.storyboard; sourceTree = "<group>"; };
		A74610C3253282B10014E950 /* Assets.xcassets */ = {isa = PBXFileReference; lastKnownFileType = folder.assetcatalog; path = Assets.xcassets; sourceTree = "<group>"; };
		A74610C6253282B10014E950 /* Base */ = {isa = PBXFileReference; lastKnownFileType = file.storyboard; name = Base; path = Base.lproj/LaunchScreen.storyboard; sourceTree = "<group>"; };
		A74610C8253282B10014E950 /* Info.plist */ = {isa = PBXFileReference; lastKnownFileType = text.plist.xml; path = Info.plist; sourceTree = "<group>"; };
		A74610C9253282B10014E950 /* main.m */ = {isa = PBXFileReference; lastKnownFileType = sourcecode.c.objc; path = main.m; sourceTree = "<group>"; };
		A74610D0253282D10014E950 /* iCarousel.h */ = {isa = PBXFileReference; lastKnownFileType = sourcecode.c.h; path = iCarousel.h; sourceTree = "<group>"; };
		A74610D1253282D10014E950 /* iCarousel.m */ = {isa = PBXFileReference; lastKnownFileType = sourcecode.c.objc; path = iCarousel.m; sourceTree = "<group>"; };
/* End PBXFileReference section */

/* Begin PBXFrameworksBuildPhase section */
		A74610B1253282B00014E950 /* Frameworks */ = {
			isa = PBXFrameworksBuildPhase;
			buildActionMask = 2147483647;
			files = (
			);
			runOnlyForDeploymentPostprocessing = 0;
		};
/* End PBXFrameworksBuildPhase section */

/* Begin PBXGroup section */
		A74610AB253282B00014E950 = {
			isa = PBXGroup;
			children = (
				A74610B6253282B00014E950 /* myICarousel */,
				A74610B5253282B00014E950 /* Products */,
			);
			sourceTree = "<group>";
		};
		A74610B5253282B00014E950 /* Products */ = {
			isa = PBXGroup;
			children = (
				A74610B4253282B00014E950 /* myICarousel.app */,
			);
			name = Products;
			sourceTree = "<group>";
		};
		A74610B6253282B00014E950 /* myICarousel */ = {
			isa = PBXGroup;
			children = (
				A74610B7253282B00014E950 /* AppDelegate.h */,
				A74610D0253282D10014E950 /* iCarousel.h */,
				A74610D1253282D10014E950 /* iCarousel.m */,
				A74610B8253282B00014E950 /* AppDelegate.m */,
				A74610BA253282B00014E950 /* SceneDelegate.h */,
				A74610BB253282B00014E950 /* SceneDelegate.m */,
				A74610BD253282B00014E950 /* ViewController.h */,
				A74610BE253282B00014E950 /* ViewController.m */,
				A74610C0253282B00014E950 /* Main.storyboard */,
				A74610C3253282B10014E950 /* Assets.xcassets */,
				A74610C5253282B10014E950 /* LaunchScreen.storyboard */,
				A74610C8253282B10014E950 /* Info.plist */,
				A74610C9253282B10014E950 /* main.m */,
			);
			path = myICarousel;
			sourceTree = "<group>";
		};
/* End PBXGroup section */

/* Begin PBXNativeTarget section */
		A74610B3253282B00014E950 /* myICarousel */ = {
			isa = PBXNativeTarget;
			buildConfigurationList = A74610CD253282B10014E950 /* Build configuration list for PBXNativeTarget "myICarousel" */;
			buildPhases = (
				A74610B0253282B00014E950 /* Sources */,
				A74610B1253282B00014E950 /* Frameworks */,
				A74610B2253282B00014E950 /* Resources */,
			);
			buildRules = (
			);
			dependencies = (
			);
			name = myICarousel;
			productName = myICarousel;
			productReference = A74610B4253282B00014E950 /* myICarousel.app */;
			productType = "com.apple.product-type.application";
		};
/* End PBXNativeTarget section */

/* Begin PBXProject section */
		A74610AC253282B00014E950 /* Project object */ = {
			isa = PBXProject;
			attributes = {
				LastUpgradeCheck = 1120;
				ORGANIZATIONNAME = Muis;
				TargetAttributes = {
					A74610B3253282B00014E950 = {
						CreatedOnToolsVersion = 11.2.1;
					};
				};
			};
			buildConfigurationList = A74610AF253282B00014E950 /* Build configuration list for PBXProject "myICarousel" */;
			compatibilityVersion = "Xcode 9.3";
			developmentRegion = en;
			hasScannedForEncodings = 0;
			knownRegions = (
				en,
				Base,
			);
			mainGroup = A74610AB253282B00014E950;
			productRefGroup = A74610B5253282B00014E950 /* Products */;
			projectDirPath = "";
			projectRoot = "";
			targets = (
				A74610B3253282B00014E950 /* myICarousel */,
			);
		};
/* End PBXProject section */

/* Begin PBXResourcesBuildPhase section */
		A74610B2253282B00014E950 /* Resources */ = {
			isa = PBXResourcesBuildPhase;
			buildActionMask = 2147483647;
			files = (
				A74610C7253282B10014E950 /* LaunchScreen.storyboard in Resources */,
				A74610C4253282B10014E950 /* Assets.xcassets in Resources */,
				A74610C2253282B00014E950 /* Main.storyboard in Resources */,
			);
			runOnlyForDeploymentPostprocessing = 0;
		};
/* End PBXResourcesBuildPhase section */

/* Begin PBXSourcesBuildPhase section */
		A74610B0253282B00014E950 /* Sources */ = {
			isa = PBXSourcesBuildPhase;
			buildActionMask = 2147483647;
			files = (
				A74610BF253282B00014E950 /* ViewController.m in Sources */,
				A74610D2253282D10014E950 /* iCarousel.m in Sources */,
				A74610B9253282B00014E950 /* AppDelegate.m in Sources */,
				A74610CA253282B10014E950 /* main.m in Sources */,
				A74610BC253282B00014E950 /* SceneDelegate.m in Sources */,
			);
			runOnlyForDeploymentPostprocessing = 0;
		};
/* End PBXSourcesBuildPhase section */

/* Begin PBXVariantGroup section */
		A74610C0253282B00014E950 /* Main.storyboard */ = {
			isa = PBXVariantGroup;
			children = (
				A74610C1253282B00014E950 /* Base */,
			);
			name = Main.storyboard;
			sourceTree = "<group>";
		};
		A74610C5253282B10014E950 /* LaunchScreen.storyboard */ = {
			isa = PBXVariantGroup;
			children = (
				A74610C6253282B10014E950 /* Base */,
			);
			name = LaunchScreen.storyboard;
			sourceTree = "<group>";
		};
/* End PBXVariantGroup section */

/* Begin XCBuildConfiguration section */
		A74610CB253282B10014E950 /* Debug */ = {
			isa = XCBuildConfiguration;
			buildSettings = {
				ALWAYS_SEARCH_USER_PATHS = NO;
				CLANG_ANALYZER_NONNULL = YES;
				CLANG_ANALYZER_NUMBER_OBJECT_CONVERSION = YES_AGGRESSIVE;
				CLANG_CXX_LANGUAGE_STANDARD = "gnu++14";
				CLANG_CXX_LIBRARY = "libc++";
				CLANG_ENABLE_MODULES = YES;
				CLANG_ENABLE_OBJC_ARC = YES;
				CLANG_ENABLE_OBJC_WEAK = YES;
				CLANG_WARN_BLOCK_CAPTURE_AUTORELEASING = YES;
				CLANG_WARN_BOOL_CONVERSION = YES;
				CLANG_WARN_COMMA = YES;
				CLANG_WARN_CONSTANT_CONVERSION = YES;
				CLANG_WARN_DEPRECATED_OBJC_IMPLEMENTATIONS = YES;
				CLANG_WARN_DIRECT_OBJC_ISA_USAGE = YES_ERROR;
				CLANG_WARN_DOCUMENTATION_COMMENTS = YES;
				CLANG_WARN_EMPTY_BODY = YES;
				CLANG_WARN_ENUM_CONVERSION = YES;
				CLANG_WARN_INFINITE_RECURSION = YES;
				CLANG_WARN_INT_CONVERSION = YES;
				CLANG_WARN_NON_LITERAL_NULL_CONVERSION = YES;
				CLANG_WARN_OBJC_IMPLICIT_RETAIN_SELF = YES;
				CLANG_WARN_OBJC_LITERAL_CONVERSION = YES;
				CLANG_WARN_OBJC_ROOT_CLASS = YES_ERROR;
				CLANG_WARN_RANGE_LOOP_ANALYSIS = YES;
				CLANG_WARN_STRICT_PROTOTYPES = YES;
				CLANG_WARN_SUSPICIOUS_MOVE = YES;
				CLANG_WARN_UNGUARDED_AVAILABILITY = YES_AGGRESSIVE;
				CLANG_WARN_UNREACHABLE_CODE = YES;
				CLANG_WARN__DUPLICATE_METHOD_MATCH = YES;
				COPY_PHASE_STRIP = NO;
				DEBUG_INFORMATION_FORMAT = dwarf;
				ENABLE_STRICT_OBJC_MSGSEND = YES;
				ENABLE_TESTABILITY = YES;
				GCC_C_LANGUAGE_STANDARD = gnu11;
				GCC_DYNAMIC_NO_PIC = NO;
				GCC_NO_COMMON_BLOCKS = YES;
				GCC_OPTIMIZATION_LEVEL = 0;
				GCC_PREPROCESSOR_DEFINITIONS = (
					"DEBUG=1",
					"$(inherited)",
				);
				GCC_WARN_64_TO_32_BIT_CONVERSION = YES;
				GCC_WARN_ABOUT_RETURN_TYPE = YES_ERROR;
				GCC_WARN_UNDECLARED_SELECTOR = YES;
				GCC_WARN_UNINITIALIZED_AUTOS = YES_AGGRESSIVE;
				GCC_WARN_UNUSED_FUNCTION = YES;
				GCC_WARN_UNUSED_VARIABLE = YES;
				IPHONEOS_DEPLOYMENT_TARGET = 13.2;
				MTL_ENABLE_DEBUG_INFO = INCLUDE_SOURCE;
				MTL_FAST_MATH = YES;
				ONLY_ACTIVE_ARCH = YES;
				SDKROOT = iphoneos;
			};
			name = Debug;
		};
		A74610CC253282B10014E950 /* Release */ = {
			isa = XCBuildConfiguration;
			buildSettings = {
				ALWAYS_SEARCH_USER_PATHS = NO;
				CLANG_ANALYZER_NONNULL = YES;
				CLANG_ANALYZER_NUMBER_OBJECT_CONVERSION = YES_AGGRESSIVE;
				CLANG_CXX_LANGUAGE_STANDARD = "gnu++14";
				CLANG_CXX_LIBRARY = "libc++";
				CLANG_ENABLE_MODULES = YES;
				CLANG_ENABLE_OBJC_ARC = YES;
				CLANG_ENABLE_OBJC_WEAK = YES;
				CLANG_WARN_BLOCK_CAPTURE_AUTORELEASING = YES;
				CLANG_WARN_BOOL_CONVERSION = YES;
				CLANG_WARN_COMMA = YES;
				CLANG_WARN_CONSTANT_CONVERSION = YES;
				CLANG_WARN_DEPRECATED_OBJC_IMPLEMENTATIONS = YES;
				CLANG_WARN_DIRECT_OBJC_ISA_USAGE = YES_ERROR;
				CLANG_WARN_DOCUMENTATION_COMMENTS = YES;
				CLANG_WARN_EMPTY_BODY = YES;
				CLANG_WARN_ENUM_CONVERSION = YES;
				CLANG_WARN_INFINITE_RECURSION = YES;
				CLANG_WARN_INT_CONVERSION = YES;
				CLANG_WARN_NON_LITERAL_NULL_CONVERSION = YES;
				CLANG_WARN_OBJC_IMPLICIT_RETAIN_SELF = YES;
				CLANG_WARN_OBJC_LITERAL_CONVERSION = YES;
				CLANG_WARN_OBJC_ROOT_CLASS = YES_ERROR;
				CLANG_WARN_RANGE_LOOP_ANALYSIS = YES;
				CLANG_WARN_STRICT_PROTOTYPES = YES;
				CLANG_WARN_SUSPICIOUS_MOVE = YES;
				CLANG_WARN_UNGUARDED_AVAILABILITY = YES_AGGRESSIVE;
				CLANG_WARN_UNREACHABLE_CODE = YES;
				CLANG_WARN__DUPLICATE_METHOD_MATCH = YES;
				COPY_PHASE_STRIP = NO;
				DEBUG_INFORMATION_FORMAT = "dwarf-with-dsym";
				ENABLE_NS_ASSERTIONS = NO;
				ENABLE_STRICT_OBJC_MSGSEND = YES;
				GCC_C_LANGUAGE_STANDARD = gnu11;
				GCC_NO_COMMON_BLOCKS = YES;
				GCC_WARN_64_TO_32_BIT_CONVERSION = YES;
				GCC_WARN_ABOUT_RETURN_TYPE = YES_ERROR;
				GCC_WARN_UNDECLARED_SELECTOR = YES;
				GCC_WARN_UNINITIALIZED_AUTOS = YES_AGGRESSIVE;
				GCC_WARN_UNUSED_FUNCTION = YES;
				GCC_WARN_UNUSED_VARIABLE = YES;
				IPHONEOS_DEPLOYMENT_TARGET = 13.2;
				MTL_ENABLE_DEBUG_INFO = NO;
				MTL_FAST_MATH = YES;
				SDKROOT = iphoneos;
				VALIDATE_PRODUCT = YES;
			};
			name = Release;
		};
		A74610CE253282B10014E950 /* Debug */ = {
			isa = XCBuildConfiguration;
			buildSettings = {
				ASSETCATALOG_COMPILER_APPICON_NAME = AppIcon;
				CODE_SIGN_STYLE = Automatic;
				DEVELOPMENT_TEAM = SDSLU2QT5X;
				INFOPLIST_FILE = myICarousel/Info.plist;
				LD_RUNPATH_SEARCH_PATHS = (
					"$(inherited)",
					"@executable_path/Frameworks",
				);
				PRODUCT_BUNDLE_IDENTIFIER = com.muiz.idn.myICarousel;
				PRODUCT_NAME = "$(TARGET_NAME)";
				TARGETED_DEVICE_FAMILY = "1,2";
			};
			name = Debug;
		};
		A74610CF253282B10014E950 /* Release */ = {
			isa = XCBuildConfiguration;
			buildSettings = {
				ASSETCATALOG_COMPILER_APPICON_NAME = AppIcon;
				CODE_SIGN_STYLE = Automatic;
				DEVELOPMENT_TEAM = SDSLU2QT5X;
				INFOPLIST_FILE = myICarousel/Info.plist;
				LD_RUNPATH_SEARCH_PATHS = (
					"$(inherited)",
					"@executable_path/Frameworks",
				);
				PRODUCT_BUNDLE_IDENTIFIER = com.muiz.idn.myICarousel;
				PRODUCT_NAME = "$(TARGET_NAME)";
				TARGETED_DEVICE_FAMILY = "1,2";
			};
			name = Release;
		};
/* End XCBuildConfiguration section */

/* Begin XCConfigurationList section */
		A74610AF253282B00014E950 /* Build configuration list for PBXProject "myICarousel" */ = {
			isa = XCConfigurationList;
			buildConfigurations = (
				A74610CB253282B10014E950 /* Debug */,
				A74610CC253282B10014E950 /* Release */,
			);
			defaultConfigurationIsVisible = 0;
			defaultConfigurationName = Release;
		};
		A74610CD253282B10014E950 /* Build configuration list for PBXNativeTarget "myICarousel" */ = {
			isa = XCConfigurationList;
			buildConfigurations = (
				A74610CE253282B10014E950 /* Debug */,
				A74610CF253282B10014E950 /* Release */,
			);
			defaultConfigurationIsVisible = 0;
			defaultConfigurationName = Release;
		};
/* End XCConfigurationList section */
	};
	rootObject = A74610AC253282B00014E950 /* Project object */;
}
